
Microsoft Visual Studio Solution File, Format Version 11.00
# Visual Studio 2010
Project("{8BC9CEB8-8B4A-11D0-8D11-00A0C91BC942}") = "城堡问题", "城堡问题\城堡问题.vcxproj", "{0D4F3B27-1621-4525-828D-6738E323FB57}"
EndProject
Global
	GlobalSection(SolutionConfigurationPlatforms) = preSolution
		Debug|Win32 = Debug|Win32
		Release|Win32 = Release|Win32
	EndGlobalSection
	GlobalSection(ProjectConfigurationPlatforms) = postSolution
		{0D4F3B27-1621-4525-828D-6738E323FB57}.Debug|Win32.ActiveCfg = Debug|Win32
		{0D4F3B27-1621-4525-828D-6738E323FB57}.Debug|Win32.Build.0 = Debug|Win32
		{0D4F3B27-1621-4525-828D-6738E323FB57}.Release|Win32.ActiveCfg = Release|Win32
		{0D4F3B27-1621-4525-828D-6738E323FB57}.Release|Win32.Build.0 = Release|Win32
	EndGlobalSection
	GlobalSection(SolutionProperties) = preSolution
		HideSolutionNode = FALSE
	EndGlobalSection
EndGlobal
