
Microsoft Visual Studio Solution File, Format Version 11.00
# Visual Studio 2010
Project("{8BC9CEB8-8B4A-11D0-8D11-00A0C91BC942}") = "1007 DNA Sorting", "1007 DNA Sorting\1007 DNA Sorting.vcxproj", "{7EA392E7-82F5-458A-8C59-A9F73C2613D2}"
EndProject
Global
	GlobalSection(SolutionConfigurationPlatforms) = preSolution
		Debug|Win32 = Debug|Win32
		Release|Win32 = Release|Win32
	EndGlobalSection
	GlobalSection(ProjectConfigurationPlatforms) = postSolution
		{7EA392E7-82F5-458A-8C59-A9F73C2613D2}.Debug|Win32.ActiveCfg = Debug|Win32
		{7EA392E7-82F5-458A-8C59-A9F73C2613D2}.Debug|Win32.Build.0 = Debug|Win32
		{7EA392E7-82F5-458A-8C59-A9F73C2613D2}.Release|Win32.ActiveCfg = Release|Win32
		{7EA392E7-82F5-458A-8C59-A9F73C2613D2}.Release|Win32.Build.0 = Release|Win32
	EndGlobalSection
	GlobalSection(SolutionProperties) = preSolution
		HideSolutionNode = FALSE
	EndGlobalSection
EndGlobal
