
Microsoft Visual Studio Solution File, Format Version 11.00
# Visual Studio 2010
Project("{8BC9CEB8-8B4A-11D0-8D11-00A0C91BC942}") = "魔兽世界终极2.0", "魔兽世界终极2.0\魔兽世界终极2.0.vcxproj", "{C407C314-97AB-46AA-AA3F-DC62946E7C45}"
EndProject
Global
	GlobalSection(SolutionConfigurationPlatforms) = preSolution
		Debug|Win32 = Debug|Win32
		Release|Win32 = Release|Win32
	EndGlobalSection
	GlobalSection(ProjectConfigurationPlatforms) = postSolution
		{C407C314-97AB-46AA-AA3F-DC62946E7C45}.Debug|Win32.ActiveCfg = Debug|Win32
		{C407C314-97AB-46AA-AA3F-DC62946E7C45}.Debug|Win32.Build.0 = Debug|Win32
		{C407C314-97AB-46AA-AA3F-DC62946E7C45}.Release|Win32.ActiveCfg = Release|Win32
		{C407C314-97AB-46AA-AA3F-DC62946E7C45}.Release|Win32.Build.0 = Release|Win32
	EndGlobalSection
	GlobalSection(SolutionProperties) = preSolution
		HideSolutionNode = FALSE
	EndGlobalSection
EndGlobal
