
Microsoft Visual Studio Solution File, Format Version 11.00
# Visual Studio 2010
Project("{8BC9CEB8-8B4A-11D0-8D11-00A0C91BC942}") = "7选4--priority-queue", "7选4--priority-queue\7选4--priority-queue.vcxproj", "{E95F5016-1D73-4D82-B083-6D9FC0190CB1}"
EndProject
Global
	GlobalSection(SolutionConfigurationPlatforms) = preSolution
		Debug|Win32 = Debug|Win32
		Release|Win32 = Release|Win32
	EndGlobalSection
	GlobalSection(ProjectConfigurationPlatforms) = postSolution
		{E95F5016-1D73-4D82-B083-6D9FC0190CB1}.Debug|Win32.ActiveCfg = Debug|Win32
		{E95F5016-1D73-4D82-B083-6D9FC0190CB1}.Debug|Win32.Build.0 = Debug|Win32
		{E95F5016-1D73-4D82-B083-6D9FC0190CB1}.Release|Win32.ActiveCfg = Release|Win32
		{E95F5016-1D73-4D82-B083-6D9FC0190CB1}.Release|Win32.Build.0 = Release|Win32
	EndGlobalSection
	GlobalSection(SolutionProperties) = preSolution
		HideSolutionNode = FALSE
	EndGlobalSection
EndGlobal
