
Microsoft Visual Studio Solution File, Format Version 11.00
# Visual Studio 2010
Project("{8BC9CEB8-8B4A-11D0-8D11-00A0C91BC942}") = "2G浮点数求高精度幂", "2G浮点数求高精度幂\2G浮点数求高精度幂.vcxproj", "{B843EE9D-B8FC-460C-9F71-6C4B5D073BB0}"
EndProject
Global
	GlobalSection(SolutionConfigurationPlatforms) = preSolution
		Debug|Win32 = Debug|Win32
		Release|Win32 = Release|Win32
	EndGlobalSection
	GlobalSection(ProjectConfigurationPlatforms) = postSolution
		{B843EE9D-B8FC-460C-9F71-6C4B5D073BB0}.Debug|Win32.ActiveCfg = Debug|Win32
		{B843EE9D-B8FC-460C-9F71-6C4B5D073BB0}.Debug|Win32.Build.0 = Debug|Win32
		{B843EE9D-B8FC-460C-9F71-6C4B5D073BB0}.Release|Win32.ActiveCfg = Release|Win32
		{B843EE9D-B8FC-460C-9F71-6C4B5D073BB0}.Release|Win32.Build.0 = Release|Win32
	EndGlobalSection
	GlobalSection(SolutionProperties) = preSolution
		HideSolutionNode = FALSE
	EndGlobalSection
EndGlobal
