
Microsoft Visual Studio Solution File, Format Version 11.00
# Visual Studio 2010
Project("{8BC9CEB8-8B4A-11D0-8D11-00A0C91BC942}") = "hw04-4", "hw04-4\hw04-4.vcxproj", "{D073F04D-8186-4AEE-8A1D-5908C8716CAB}"
EndProject
Global
	GlobalSection(SolutionConfigurationPlatforms) = preSolution
		Debug|Win32 = Debug|Win32
		Release|Win32 = Release|Win32
	EndGlobalSection
	GlobalSection(ProjectConfigurationPlatforms) = postSolution
		{D073F04D-8186-4AEE-8A1D-5908C8716CAB}.Debug|Win32.ActiveCfg = Debug|Win32
		{D073F04D-8186-4AEE-8A1D-5908C8716CAB}.Debug|Win32.Build.0 = Debug|Win32
		{D073F04D-8186-4AEE-8A1D-5908C8716CAB}.Release|Win32.ActiveCfg = Release|Win32
		{D073F04D-8186-4AEE-8A1D-5908C8716CAB}.Release|Win32.Build.0 = Release|Win32
	EndGlobalSection
	GlobalSection(SolutionProperties) = preSolution
		HideSolutionNode = FALSE
	EndGlobalSection
EndGlobal
