
Microsoft Visual Studio Solution File, Format Version 11.00
# Visual Studio 2010
Project("{8BC9CEB8-8B4A-11D0-8D11-00A0C91BC942}") = "4CSafecracker", "4CSafecracker\4CSafecracker.vcxproj", "{9E24F0A9-266D-4E5D-ACFB-5D2EE4D19D41}"
EndProject
Global
	GlobalSection(SolutionConfigurationPlatforms) = preSolution
		Debug|Win32 = Debug|Win32
		Release|Win32 = Release|Win32
	EndGlobalSection
	GlobalSection(ProjectConfigurationPlatforms) = postSolution
		{9E24F0A9-266D-4E5D-ACFB-5D2EE4D19D41}.Debug|Win32.ActiveCfg = Debug|Win32
		{9E24F0A9-266D-4E5D-ACFB-5D2EE4D19D41}.Debug|Win32.Build.0 = Debug|Win32
		{9E24F0A9-266D-4E5D-ACFB-5D2EE4D19D41}.Release|Win32.ActiveCfg = Release|Win32
		{9E24F0A9-266D-4E5D-ACFB-5D2EE4D19D41}.Release|Win32.Build.0 = Release|Win32
	EndGlobalSection
	GlobalSection(SolutionProperties) = preSolution
		HideSolutionNode = FALSE
	EndGlobalSection
EndGlobal
