
Microsoft Visual Studio Solution File, Format Version 11.00
# Visual Studio 2010
Project("{8BC9CEB8-8B4A-11D0-8D11-00A0C91BC942}") = "age", "age\age.vcxproj", "{FE519F93-0192-41AA-AFEB-D1BA2F1A4C19}"
EndProject
Global
	GlobalSection(SolutionConfigurationPlatforms) = preSolution
		Debug|Win32 = Debug|Win32
		Release|Win32 = Release|Win32
	EndGlobalSection
	GlobalSection(ProjectConfigurationPlatforms) = postSolution
		{FE519F93-0192-41AA-AFEB-D1BA2F1A4C19}.Debug|Win32.ActiveCfg = Debug|Win32
		{FE519F93-0192-41AA-AFEB-D1BA2F1A4C19}.Debug|Win32.Build.0 = Debug|Win32
		{FE519F93-0192-41AA-AFEB-D1BA2F1A4C19}.Release|Win32.ActiveCfg = Release|Win32
		{FE519F93-0192-41AA-AFEB-D1BA2F1A4C19}.Release|Win32.Build.0 = Release|Win32
	EndGlobalSection
	GlobalSection(SolutionProperties) = preSolution
		HideSolutionNode = FALSE
	EndGlobalSection
EndGlobal
