
Microsoft Visual Studio Solution File, Format Version 11.00
# Visual Studio 2010
Project("{8BC9CEB8-8B4A-11D0-8D11-00A0C91BC942}") = "7选5--冷血格斗场", "7选5--冷血格斗场\7选5--冷血格斗场.vcxproj", "{8A8815C7-07D9-400D-8C50-F4EEB163B8AB}"
EndProject
Global
	GlobalSection(SolutionConfigurationPlatforms) = preSolution
		Debug|Win32 = Debug|Win32
		Release|Win32 = Release|Win32
	EndGlobalSection
	GlobalSection(ProjectConfigurationPlatforms) = postSolution
		{8A8815C7-07D9-400D-8C50-F4EEB163B8AB}.Debug|Win32.ActiveCfg = Debug|Win32
		{8A8815C7-07D9-400D-8C50-F4EEB163B8AB}.Debug|Win32.Build.0 = Debug|Win32
		{8A8815C7-07D9-400D-8C50-F4EEB163B8AB}.Release|Win32.ActiveCfg = Release|Win32
		{8A8815C7-07D9-400D-8C50-F4EEB163B8AB}.Release|Win32.Build.0 = Release|Win32
	EndGlobalSection
	GlobalSection(SolutionProperties) = preSolution
		HideSolutionNode = FALSE
	EndGlobalSection
EndGlobal
