
Microsoft Visual Studio Solution File, Format Version 11.00
# Visual Studio 2010
Project("{8BC9CEB8-8B4A-11D0-8D11-00A0C91BC942}") = "2262 Goldbach's Conjecture 2", "2262 Goldbach's Conjecture 2\2262 Goldbach's Conjecture 2.vcxproj", "{D53D13F6-91A1-43DF-9EE4-88868E993696}"
EndProject
Global
	GlobalSection(SolutionConfigurationPlatforms) = preSolution
		Debug|Win32 = Debug|Win32
		Release|Win32 = Release|Win32
	EndGlobalSection
	GlobalSection(ProjectConfigurationPlatforms) = postSolution
		{D53D13F6-91A1-43DF-9EE4-88868E993696}.Debug|Win32.ActiveCfg = Debug|Win32
		{D53D13F6-91A1-43DF-9EE4-88868E993696}.Debug|Win32.Build.0 = Debug|Win32
		{D53D13F6-91A1-43DF-9EE4-88868E993696}.Release|Win32.ActiveCfg = Release|Win32
		{D53D13F6-91A1-43DF-9EE4-88868E993696}.Release|Win32.Build.0 = Release|Win32
	EndGlobalSection
	GlobalSection(SolutionProperties) = preSolution
		HideSolutionNode = FALSE
	EndGlobalSection
EndGlobal
